
Microsoft Visual Studio Solution File, Format Version 12.00
# Visual Studio Version 17
VisualStudioVersion = 17.12.35506.116 d17.12
MinimumVisualStudioVersion = 10.0.40219.1
Project("{FAE04EC0-301F-11D3-BF4B-00C04F79EFBC}") = "URL-Shortener", "URL-Shortener\URL-Shortener.csproj", "{E8745A62-6641-482D-8E96-C6823A687F8A}"
EndProject
Project("{FAE04EC0-301F-11D3-BF4B-00C04F79EFBC}") = "URL-Shortener.Data", "URL-Shortener.Data\URL-Shortener.Data.csproj", "{04245583-8422-4238-A321-C2BF4CC4AD63}"
EndProject
Global
	GlobalSection(SolutionConfigurationPlatforms) = preSolution
		Debug|Any CPU = Debug|Any CPU
		Release|Any CPU = Release|Any CPU
	EndGlobalSection
	GlobalSection(ProjectConfigurationPlatforms) = postSolution
		{E8745A62-6641-482D-8E96-C6823A687F8A}.Debug|Any CPU.ActiveCfg = Debug|Any CPU
		{E8745A62-6641-482D-8E96-C6823A687F8A}.Debug|Any CPU.Build.0 = Debug|Any CPU
		{E8745A62-6641-482D-8E96-C6823A687F8A}.Release|Any CPU.ActiveCfg = Release|Any CPU
		{E8745A62-6641-482D-8E96-C6823A687F8A}.Release|Any CPU.Build.0 = Release|Any CPU
		{04245583-8422-4238-A321-C2BF4CC4AD63}.Debug|Any CPU.ActiveCfg = Debug|Any CPU
		{04245583-8422-4238-A321-C2BF4CC4AD63}.Debug|Any CPU.Build.0 = Debug|Any CPU
		{04245583-8422-4238-A321-C2BF4CC4AD63}.Release|Any CPU.ActiveCfg = Release|Any CPU
		{04245583-8422-4238-A321-C2BF4CC4AD63}.Release|Any CPU.Build.0 = Release|Any CPU
	EndGlobalSection
	GlobalSection(SolutionProperties) = preSolution
		HideSolutionNode = FALSE
	EndGlobalSection
EndGlobal
